// !$*UTF8*$!
{
	archiveVersion = 1;
	classes = {
	};
	objectVersion = 56;
	objects = {

/* Begin PBXBuildFile section */
		640E87F52A5AA60100640C2E /* SmartThingsApp.swift in Sources */ = {isa = PBXBuildFile; fileRef = 640E87F42A5AA60100640C2E /* SmartThingsApp.swift */; };
		640E87F72A5AA60100640C2E /* ContentView.swift in Sources */ = {isa = PBXBuildFile; fileRef = 640E87F62A5AA60100640C2E /* ContentView.swift */; };
		640E87F92A5AA60300640C2E /* Assets.xcassets in Resources */ = {isa = PBXBuildFile; fileRef = 640E87F82A5AA60300640C2E /* Assets.xcassets */; };
		640E87FC2A5AA60300640C2E /* Preview Assets.xcassets in Resources */ = {isa = PBXBuildFile; fileRef = 640E87FB2A5AA60300640C2E /* Preview Assets.xcassets */; };
		640E88042A5AA6FE00640C2E /* DeviceDTO.swift in Sources */ = {isa = PBXBuildFile; fileRef = 640E88032A5AA6FE00640C2E /* DeviceDTO.swift */; };
		640E88072A5AADB300640C2E /* NetworkRequest.swift in Sources */ = {isa = PBXBuildFile; fileRef = 640E88062A5AADB300640C2E /* NetworkRequest.swift */; };
		640E88092A5AB52500640C2E /* Devices.json in Resources */ = {isa = PBXBuildFile; fileRef = 640E88082A5AB52500640C2E /* Devices.json */; };
		640E880B2A5AB54100640C2E /* TestData.swift in Sources */ = {isa = PBXBuildFile; fileRef = 640E880A2A5AB54100640C2E /* TestData.swift */; };
		640E880D2A5AB5E100640C2E /* DeviceView.swift in Sources */ = {isa = PBXBuildFile; fileRef = 640E880C2A5AB5E100640C2E /* DeviceView.swift */; };
		640E880F2A5AB64A00640C2E /* DevicesView.swift in Sources */ = {isa = PBXBuildFile; fileRef = 640E880E2A5AB64A00640C2E /* DevicesView.swift */; };
		640E88132A5AB71500640C2E /* DevicesDataModel.swift in Sources */ = {isa = PBXBuildFile; fileRef = 640E88122A5AB71500640C2E /* DevicesDataModel.swift */; };
		640E88152A5AC5FA00640C2E /* StatusView.swift in Sources */ = {isa = PBXBuildFile; fileRef = 640E88142A5AC5FA00640C2E /* StatusView.swift */; };
		640E88192A5ACAD000640C2E /* OnlineView.swift in Sources */ = {isa = PBXBuildFile; fileRef = 640E88182A5ACAD000640C2E /* OnlineView.swift */; };
		640E881B2A5ACB9500640C2E /* StatusDevice.swift in Sources */ = {isa = PBXBuildFile; fileRef = 640E881A2A5ACB9500640C2E /* StatusDevice.swift */; };
		642FA5F42A5ADD5D00EC5E5E /* LastWorkLabel.swift in Sources */ = {isa = PBXBuildFile; fileRef = 642FA5F32A5ADD5D00EC5E5E /* LastWorkLabel.swift */; };
		642FA5F62A5B1E3300EC5E5E /* DeviceModel.swift in Sources */ = {isa = PBXBuildFile; fileRef = 642FA5F52A5B1E3300EC5E5E /* DeviceModel.swift */; };
		642FA5F82A5B211C00EC5E5E /* DeviceType.swift in Sources */ = {isa = PBXBuildFile; fileRef = 642FA5F72A5B211C00EC5E5E /* DeviceType.swift */; };
		642FA5FA2A5B302900EC5E5E /* JobImageView.swift in Sources */ = {isa = PBXBuildFile; fileRef = 642FA5F92A5B302900EC5E5E /* JobImageView.swift */; };
		642FA5FC2A5B30B200EC5E5E /* WrongView.swift in Sources */ = {isa = PBXBuildFile; fileRef = 642FA5FB2A5B30B200EC5E5E /* WrongView.swift */; };
		642FA6022A5BFC3E00EC5E5E /* Color+extension.swift in Sources */ = {isa = PBXBuildFile; fileRef = 642FA6012A5BFC3E00EC5E5E /* Color+extension.swift */; };
		642FA6042A5C111400EC5E5E /* ReloadTapView.swift in Sources */ = {isa = PBXBuildFile; fileRef = 642FA6032A5C111400EC5E5E /* ReloadTapView.swift */; };
		64E61AA62A5C4C1C00270C28 /* CommonListView.swift in Sources */ = {isa = PBXBuildFile; fileRef = 64E61AA52A5C4C1C00270C28 /* CommonListView.swift */; };
		64E61AA82A5C598A00270C28 /* EmptyListView.swift in Sources */ = {isa = PBXBuildFile; fileRef = 64E61AA72A5C598A00270C28 /* EmptyListView.swift */; };
		64E61AAA2A5D54FB00270C28 /* Image+extension.swift in Sources */ = {isa = PBXBuildFile; fileRef = 64E61AA92A5D54FB00270C28 /* Image+extension.swift */; };
/* End PBXBuildFile section */

/* Begin PBXFileReference section */
		640E87F12A5AA60100640C2E /* SmartThings.app */ = {isa = PBXFileReference; explicitFileType = wrapper.application; includeInIndex = 0; path = SmartThings.app; sourceTree = BUILT_PRODUCTS_DIR; };
		640E87F42A5AA60100640C2E /* SmartThingsApp.swift */ = {isa = PBXFileReference; lastKnownFileType = sourcecode.swift; path = SmartThingsApp.swift; sourceTree = "<group>"; };
		640E87F62A5AA60100640C2E /* ContentView.swift */ = {isa = PBXFileReference; lastKnownFileType = sourcecode.swift; path = ContentView.swift; sourceTree = "<group>"; };
		640E87F82A5AA60300640C2E /* Assets.xcassets */ = {isa = PBXFileReference; lastKnownFileType = folder.assetcatalog; path = Assets.xcassets; sourceTree = "<group>"; };
		640E87FB2A5AA60300640C2E /* Preview Assets.xcassets */ = {isa = PBXFileReference; lastKnownFileType = folder.assetcatalog; path = "Preview Assets.xcassets"; sourceTree = "<group>"; };
		640E88032A5AA6FE00640C2E /* DeviceDTO.swift */ = {isa = PBXFileReference; lastKnownFileType = sourcecode.swift; path = DeviceDTO.swift; sourceTree = "<group>"; };
		640E88062A5AADB300640C2E /* NetworkRequest.swift */ = {isa = PBXFileReference; lastKnownFileType = sourcecode.swift; path = NetworkRequest.swift; sourceTree = "<group>"; };
		640E88082A5AB52500640C2E /* Devices.json */ = {isa = PBXFileReference; fileEncoding = 4; lastKnownFileType = text.json; path = Devices.json; sourceTree = "<group>"; };
		640E880A2A5AB54100640C2E /* TestData.swift */ = {isa = PBXFileReference; fileEncoding = 4; lastKnownFileType = sourcecode.swift; path = TestData.swift; sourceTree = "<group>"; };
		640E880C2A5AB5E100640C2E /* DeviceView.swift */ = {isa = PBXFileReference; lastKnownFileType = sourcecode.swift; path = DeviceView.swift; sourceTree = "<group>"; };
		640E880E2A5AB64A00640C2E /* DevicesView.swift */ = {isa = PBXFileReference; lastKnownFileType = sourcecode.swift; path = DevicesView.swift; sourceTree = "<group>"; };
		640E88122A5AB71500640C2E /* DevicesDataModel.swift */ = {isa = PBXFileReference; lastKnownFileType = sourcecode.swift; path = DevicesDataModel.swift; sourceTree = "<group>"; };
		640E88142A5AC5FA00640C2E /* StatusView.swift */ = {isa = PBXFileReference; lastKnownFileType = sourcecode.swift; path = StatusView.swift; sourceTree = "<group>"; };
		640E88182A5ACAD000640C2E /* OnlineView.swift */ = {isa = PBXFileReference; lastKnownFileType = sourcecode.swift; path = OnlineView.swift; sourceTree = "<group>"; };
		640E881A2A5ACB9500640C2E /* StatusDevice.swift */ = {isa = PBXFileReference; lastKnownFileType = sourcecode.swift; path = StatusDevice.swift; sourceTree = "<group>"; };
		642FA5F32A5ADD5D00EC5E5E /* LastWorkLabel.swift */ = {isa = PBXFileReference; lastKnownFileType = sourcecode.swift; path = LastWorkLabel.swift; sourceTree = "<group>"; };
		642FA5F52A5B1E3300EC5E5E /* DeviceModel.swift */ = {isa = PBXFileReference; lastKnownFileType = sourcecode.swift; path = DeviceModel.swift; sourceTree = "<group>"; };
		642FA5F72A5B211C00EC5E5E /* DeviceType.swift */ = {isa = PBXFileReference; lastKnownFileType = sourcecode.swift; path = DeviceType.swift; sourceTree = "<group>"; };
		642FA5F92A5B302900EC5E5E /* JobImageView.swift */ = {isa = PBXFileReference; lastKnownFileType = sourcecode.swift; path = JobImageView.swift; sourceTree = "<group>"; };
		642FA5FB2A5B30B200EC5E5E /* WrongView.swift */ = {isa = PBXFileReference; lastKnownFileType = sourcecode.swift; path = WrongView.swift; sourceTree = "<group>"; };
		642FA6012A5BFC3E00EC5E5E /* Color+extension.swift */ = {isa = PBXFileReference; lastKnownFileType = sourcecode.swift; path = "Color+extension.swift"; sourceTree = "<group>"; };
		642FA6032A5C111400EC5E5E /* ReloadTapView.swift */ = {isa = PBXFileReference; lastKnownFileType = sourcecode.swift; path = ReloadTapView.swift; sourceTree = "<group>"; };
		64E61AA52A5C4C1C00270C28 /* CommonListView.swift */ = {isa = PBXFileReference; lastKnownFileType = sourcecode.swift; path = CommonListView.swift; sourceTree = "<group>"; };
		64E61AA72A5C598A00270C28 /* EmptyListView.swift */ = {isa = PBXFileReference; lastKnownFileType = sourcecode.swift; path = EmptyListView.swift; sourceTree = "<group>"; };
		64E61AA92A5D54FB00270C28 /* Image+extension.swift */ = {isa = PBXFileReference; lastKnownFileType = sourcecode.swift; path = "Image+extension.swift"; sourceTree = "<group>"; };
/* End PBXFileReference section */

/* Begin PBXFrameworksBuildPhase section */
		640E87EE2A5AA60100640C2E /* Frameworks */ = {
			isa = PBXFrameworksBuildPhase;
			buildActionMask = 2147483647;
			files = (
			);
			runOnlyForDeploymentPostprocessing = 0;
		};
/* End PBXFrameworksBuildPhase section */

/* Begin PBXGroup section */
		640E87E82A5AA60100640C2E = {
			isa = PBXGroup;
			children = (
				640E87F32A5AA60100640C2E /* SmartThings */,
				640E87F22A5AA60100640C2E /* Products */,
			);
			sourceTree = "<group>";
		};
		640E87F22A5AA60100640C2E /* Products */ = {
			isa = PBXGroup;
			children = (
				640E87F12A5AA60100640C2E /* SmartThings.app */,
			);
			name = Products;
			sourceTree = "<group>";
		};
		640E87F32A5AA60100640C2E /* SmartThings */ = {
			isa = PBXGroup;
			children = (
				642FA6002A5BFC0200EC5E5E /* Extentions */,
				642FA5FE2A5BFB6B00EC5E5E /* DeviceView */,
				642FA5FD2A5BFADF00EC5E5E /* DevicesView */,
				640E88052A5AA7A900640C2E /* Network */,
				640E88022A5AA63100640C2E /* Model */,
				640E87F42A5AA60100640C2E /* SmartThingsApp.swift */,
				640E87F62A5AA60100640C2E /* ContentView.swift */,
				640E88122A5AB71500640C2E /* DevicesDataModel.swift */,
				642FA5FB2A5B30B200EC5E5E /* WrongView.swift */,
				640E87F82A5AA60300640C2E /* Assets.xcassets */,
				640E87FA2A5AA60300640C2E /* Preview Content */,
			);
			path = SmartThings;
			sourceTree = "<group>";
		};
		640E87FA2A5AA60300640C2E /* Preview Content */ = {
			isa = PBXGroup;
			children = (
				640E88082A5AB52500640C2E /* Devices.json */,
				640E880A2A5AB54100640C2E /* TestData.swift */,
				640E87FB2A5AA60300640C2E /* Preview Assets.xcassets */,
			);
			path = "Preview Content";
			sourceTree = "<group>";
		};
		640E88022A5AA63100640C2E /* Model */ = {
			isa = PBXGroup;
			children = (
				640E88032A5AA6FE00640C2E /* DeviceDTO.swift */,
				642FA5F52A5B1E3300EC5E5E /* DeviceModel.swift */,
				640E881A2A5ACB9500640C2E /* StatusDevice.swift */,
				642FA5F72A5B211C00EC5E5E /* DeviceType.swift */,
			);
			path = Model;
			sourceTree = "<group>";
		};
		640E88052A5AA7A900640C2E /* Network */ = {
			isa = PBXGroup;
			children = (
				640E88062A5AADB300640C2E /* NetworkRequest.swift */,
			);
			path = Network;
			sourceTree = "<group>";
		};
		642FA5FD2A5BFADF00EC5E5E /* DevicesView */ = {
			isa = PBXGroup;
			children = (
				642FA6052A5C3C8000EC5E5E /* AdditionalView */,
				640E880E2A5AB64A00640C2E /* DevicesView.swift */,
				64E61AA52A5C4C1C00270C28 /* CommonListView.swift */,
				64E61AA72A5C598A00270C28 /* EmptyListView.swift */,
			);
			path = DevicesView;
			sourceTree = "<group>";
		};
		642FA5FE2A5BFB6B00EC5E5E /* DeviceView */ = {
			isa = PBXGroup;
			children = (
				642FA5FF2A5BFB8A00EC5E5E /* AdditionalView */,
				640E880C2A5AB5E100640C2E /* DeviceView.swift */,
			);
			path = DeviceView;
			sourceTree = "<group>";
		};
		642FA5FF2A5BFB8A00EC5E5E /* AdditionalView */ = {
			isa = PBXGroup;
			children = (
				642FA5F92A5B302900EC5E5E /* JobImageView.swift */,
				640E88142A5AC5FA00640C2E /* StatusView.swift */,
				640E88182A5ACAD000640C2E /* OnlineView.swift */,
				642FA5F32A5ADD5D00EC5E5E /* LastWorkLabel.swift */,
			);
			path = AdditionalView;
			sourceTree = "<group>";
		};
		642FA6002A5BFC0200EC5E5E /* Extentions */ = {
			isa = PBXGroup;
			children = (
				642FA6012A5BFC3E00EC5E5E /* Color+extension.swift */,
				64E61AA92A5D54FB00270C28 /* Image+extension.swift */,
			);
			path = Extentions;
			sourceTree = "<group>";
		};
		642FA6052A5C3C8000EC5E5E /* AdditionalView */ = {
			isa = PBXGroup;
			children = (
				642FA6032A5C111400EC5E5E /* ReloadTapView.swift */,
			);
			path = AdditionalView;
			sourceTree = "<group>";
		};
/* End PBXGroup section */

/* Begin PBXNativeTarget section */
		640E87F02A5AA60100640C2E /* SmartThings */ = {
			isa = PBXNativeTarget;
			buildConfigurationList = 640E87FF2A5AA60300640C2E /* Build configuration list for PBXNativeTarget "SmartThings" */;
			buildPhases = (
				640E87ED2A5AA60100640C2E /* Sources */,
				640E87EE2A5AA60100640C2E /* Frameworks */,
				640E87EF2A5AA60100640C2E /* Resources */,
			);
			buildRules = (
			);
			dependencies = (
			);
			name = SmartThings;
			productName = SmartThings;
			productReference = 640E87F12A5AA60100640C2E /* SmartThings.app */;
			productType = "com.apple.product-type.application";
		};
/* End PBXNativeTarget section */

/* Begin PBXProject section */
		640E87E92A5AA60100640C2E /* Project object */ = {
			isa = PBXProject;
			attributes = {
				BuildIndependentTargetsInParallel = 1;
				LastSwiftUpdateCheck = 1430;
				LastUpgradeCheck = 1430;
				TargetAttributes = {
					640E87F02A5AA60100640C2E = {
						CreatedOnToolsVersion = 14.3.1;
					};
				};
			};
			buildConfigurationList = 640E87EC2A5AA60100640C2E /* Build configuration list for PBXProject "SmartThings" */;
			compatibilityVersion = "Xcode 14.0";
			developmentRegion = en;
			hasScannedForEncodings = 0;
			knownRegions = (
				en,
				Base,
			);
			mainGroup = 640E87E82A5AA60100640C2E;
			productRefGroup = 640E87F22A5AA60100640C2E /* Products */;
			projectDirPath = "";
			projectRoot = "";
			targets = (
				640E87F02A5AA60100640C2E /* SmartThings */,
			);
		};
/* End PBXProject section */

/* Begin PBXResourcesBuildPhase section */
		640E87EF2A5AA60100640C2E /* Resources */ = {
			isa = PBXResourcesBuildPhase;
			buildActionMask = 2147483647;
			files = (
				640E87FC2A5AA60300640C2E /* Preview Assets.xcassets in Resources */,
				640E88092A5AB52500640C2E /* Devices.json in Resources */,
				640E87F92A5AA60300640C2E /* Assets.xcassets in Resources */,
			);
			runOnlyForDeploymentPostprocessing = 0;
		};
/* End PBXResourcesBuildPhase section */

/* Begin PBXSourcesBuildPhase section */
		640E87ED2A5AA60100640C2E /* Sources */ = {
			isa = PBXSourcesBuildPhase;
			buildActionMask = 2147483647;
			files = (
				642FA5FA2A5B302900EC5E5E /* JobImageView.swift in Sources */,
				640E87F72A5AA60100640C2E /* ContentView.swift in Sources */,
				642FA6022A5BFC3E00EC5E5E /* Color+extension.swift in Sources */,
				640E88042A5AA6FE00640C2E /* DeviceDTO.swift in Sources */,
				64E61AA82A5C598A00270C28 /* EmptyListView.swift in Sources */,
				642FA5F62A5B1E3300EC5E5E /* DeviceModel.swift in Sources */,
				640E88132A5AB71500640C2E /* DevicesDataModel.swift in Sources */,
				640E88192A5ACAD000640C2E /* OnlineView.swift in Sources */,
				64E61AAA2A5D54FB00270C28 /* Image+extension.swift in Sources */,
				642FA5FC2A5B30B200EC5E5E /* WrongView.swift in Sources */,
				640E880D2A5AB5E100640C2E /* DeviceView.swift in Sources */,
				640E88152A5AC5FA00640C2E /* StatusView.swift in Sources */,
				640E88072A5AADB300640C2E /* NetworkRequest.swift in Sources */,
				642FA6042A5C111400EC5E5E /* ReloadTapView.swift in Sources */,
				640E880B2A5AB54100640C2E /* TestData.swift in Sources */,
				640E87F52A5AA60100640C2E /* SmartThingsApp.swift in Sources */,
				642FA5F42A5ADD5D00EC5E5E /* LastWorkLabel.swift in Sources */,
				642FA5F82A5B211C00EC5E5E /* DeviceType.swift in Sources */,
				640E881B2A5ACB9500640C2E /* StatusDevice.swift in Sources */,
				640E880F2A5AB64A00640C2E /* DevicesView.swift in Sources */,
				64E61AA62A5C4C1C00270C28 /* CommonListView.swift in Sources */,
			);
			runOnlyForDeploymentPostprocessing = 0;
		};
/* End PBXSourcesBuildPhase section */

/* Begin XCBuildConfiguration section */
		640E87FD2A5AA60300640C2E /* Debug */ = {
			isa = XCBuildConfiguration;
			buildSettings = {
				ALWAYS_SEARCH_USER_PATHS = NO;
				CLANG_ANALYZER_NONNULL = YES;
				CLANG_ANALYZER_NUMBER_OBJECT_CONVERSION = YES_AGGRESSIVE;
				CLANG_CXX_LANGUAGE_STANDARD = "gnu++20";
				CLANG_ENABLE_MODULES = YES;
				CLANG_ENABLE_OBJC_ARC = YES;
				CLANG_ENABLE_OBJC_WEAK = YES;
				CLANG_WARN_BLOCK_CAPTURE_AUTORELEASING = YES;
				CLANG_WARN_BOOL_CONVERSION = YES;
				CLANG_WARN_COMMA = YES;
				CLANG_WARN_CONSTANT_CONVERSION = YES;
				CLANG_WARN_DEPRECATED_OBJC_IMPLEMENTATIONS = YES;
				CLANG_WARN_DIRECT_OBJC_ISA_USAGE = YES_ERROR;
				CLANG_WARN_DOCUMENTATION_COMMENTS = YES;
				CLANG_WARN_EMPTY_BODY = YES;
				CLANG_WARN_ENUM_CONVERSION = YES;
				CLANG_WARN_INFINITE_RECURSION = YES;
				CLANG_WARN_INT_CONVERSION = YES;
				CLANG_WARN_NON_LITERAL_NULL_CONVERSION = YES;
				CLANG_WARN_OBJC_IMPLICIT_RETAIN_SELF = YES;
				CLANG_WARN_OBJC_LITERAL_CONVERSION = YES;
				CLANG_WARN_OBJC_ROOT_CLASS = YES_ERROR;
				CLANG_WARN_QUOTED_INCLUDE_IN_FRAMEWORK_HEADER = YES;
				CLANG_WARN_RANGE_LOOP_ANALYSIS = YES;
				CLANG_WARN_STRICT_PROTOTYPES = YES;
				CLANG_WARN_SUSPICIOUS_MOVE = YES;
				CLANG_WARN_UNGUARDED_AVAILABILITY = YES_AGGRESSIVE;
				CLANG_WARN_UNREACHABLE_CODE = YES;
				CLANG_WARN__DUPLICATE_METHOD_MATCH = YES;
				COPY_PHASE_STRIP = NO;
				DEBUG_INFORMATION_FORMAT = dwarf;
				ENABLE_STRICT_OBJC_MSGSEND = YES;
				ENABLE_TESTABILITY = YES;
				GCC_C_LANGUAGE_STANDARD = gnu11;
				GCC_DYNAMIC_NO_PIC = NO;
				GCC_NO_COMMON_BLOCKS = YES;
				GCC_OPTIMIZATION_LEVEL = 0;
				GCC_PREPROCESSOR_DEFINITIONS = (
					"DEBUG=1",
					"$(inherited)",
				);
				GCC_WARN_64_TO_32_BIT_CONVERSION = YES;
				GCC_WARN_ABOUT_RETURN_TYPE = YES_ERROR;
				GCC_WARN_UNDECLARED_SELECTOR = YES;
				GCC_WARN_UNINITIALIZED_AUTOS = YES_AGGRESSIVE;
				GCC_WARN_UNUSED_FUNCTION = YES;
				GCC_WARN_UNUSED_VARIABLE = YES;
				IPHONEOS_DEPLOYMENT_TARGET = 16.4;
				MTL_ENABLE_DEBUG_INFO = INCLUDE_SOURCE;
				MTL_FAST_MATH = YES;
				ONLY_ACTIVE_ARCH = YES;
				SDKROOT = iphoneos;
				SWIFT_ACTIVE_COMPILATION_CONDITIONS = DEBUG;
				SWIFT_OPTIMIZATION_LEVEL = "-Onone";
			};
			name = Debug;
		};
		640E87FE2A5AA60300640C2E /* Release */ = {
			isa = XCBuildConfiguration;
			buildSettings = {
				ALWAYS_SEARCH_USER_PATHS = NO;
				CLANG_ANALYZER_NONNULL = YES;
				CLANG_ANALYZER_NUMBER_OBJECT_CONVERSION = YES_AGGRESSIVE;
				CLANG_CXX_LANGUAGE_STANDARD = "gnu++20";
				CLANG_ENABLE_MODULES = YES;
				CLANG_ENABLE_OBJC_ARC = YES;
				CLANG_ENABLE_OBJC_WEAK = YES;
				CLANG_WARN_BLOCK_CAPTURE_AUTORELEASING = YES;
				CLANG_WARN_BOOL_CONVERSION = YES;
				CLANG_WARN_COMMA = YES;
				CLANG_WARN_CONSTANT_CONVERSION = YES;
				CLANG_WARN_DEPRECATED_OBJC_IMPLEMENTATIONS = YES;
				CLANG_WARN_DIRECT_OBJC_ISA_USAGE = YES_ERROR;
				CLANG_WARN_DOCUMENTATION_COMMENTS = YES;
				CLANG_WARN_EMPTY_BODY = YES;
				CLANG_WARN_ENUM_CONVERSION = YES;
				CLANG_WARN_INFINITE_RECURSION = YES;
				CLANG_WARN_INT_CONVERSION = YES;
				CLANG_WARN_NON_LITERAL_NULL_CONVERSION = YES;
				CLANG_WARN_OBJC_IMPLICIT_RETAIN_SELF = YES;
				CLANG_WARN_OBJC_LITERAL_CONVERSION = YES;
				CLANG_WARN_OBJC_ROOT_CLASS = YES_ERROR;
				CLANG_WARN_QUOTED_INCLUDE_IN_FRAMEWORK_HEADER = YES;
				CLANG_WARN_RANGE_LOOP_ANALYSIS = YES;
				CLANG_WARN_STRICT_PROTOTYPES = YES;
				CLANG_WARN_SUSPICIOUS_MOVE = YES;
				CLANG_WARN_UNGUARDED_AVAILABILITY = YES_AGGRESSIVE;
				CLANG_WARN_UNREACHABLE_CODE = YES;
				CLANG_WARN__DUPLICATE_METHOD_MATCH = YES;
				COPY_PHASE_STRIP = NO;
				DEBUG_INFORMATION_FORMAT = "dwarf-with-dsym";
				ENABLE_NS_ASSERTIONS = NO;
				ENABLE_STRICT_OBJC_MSGSEND = YES;
				GCC_C_LANGUAGE_STANDARD = gnu11;
				GCC_NO_COMMON_BLOCKS = YES;
				GCC_WARN_64_TO_32_BIT_CONVERSION = YES;
				GCC_WARN_ABOUT_RETURN_TYPE = YES_ERROR;
				GCC_WARN_UNDECLARED_SELECTOR = YES;
				GCC_WARN_UNINITIALIZED_AUTOS = YES_AGGRESSIVE;
				GCC_WARN_UNUSED_FUNCTION = YES;
				GCC_WARN_UNUSED_VARIABLE = YES;
				IPHONEOS_DEPLOYMENT_TARGET = 16.4;
				MTL_ENABLE_DEBUG_INFO = NO;
				MTL_FAST_MATH = YES;
				SDKROOT = iphoneos;
				SWIFT_COMPILATION_MODE = wholemodule;
				SWIFT_OPTIMIZATION_LEVEL = "-O";
				VALIDATE_PRODUCT = YES;
			};
			name = Release;
		};
		640E88002A5AA60300640C2E /* Debug */ = {
			isa = XCBuildConfiguration;
			buildSettings = {
				ASSETCATALOG_COMPILER_APPICON_NAME = AppIcon;
				ASSETCATALOG_COMPILER_GLOBAL_ACCENT_COLOR_NAME = AccentColor;
				CODE_SIGN_STYLE = Automatic;
				CURRENT_PROJECT_VERSION = 1;
				DEVELOPMENT_ASSET_PATHS = "\"SmartThings/Preview Content\"";
				DEVELOPMENT_TEAM = UZRVQ48Y4T;
				ENABLE_PREVIEWS = YES;
				GENERATE_INFOPLIST_FILE = YES;
				INFOPLIST_KEY_UIApplicationSceneManifest_Generation = YES;
				INFOPLIST_KEY_UIApplicationSupportsIndirectInputEvents = YES;
				INFOPLIST_KEY_UILaunchScreen_Generation = YES;
				INFOPLIST_KEY_UISupportedInterfaceOrientations_iPad = "UIInterfaceOrientationPortrait UIInterfaceOrientationPortraitUpsideDown UIInterfaceOrientationLandscapeLeft UIInterfaceOrientationLandscapeRight";
				INFOPLIST_KEY_UISupportedInterfaceOrientations_iPhone = "UIInterfaceOrientationPortrait UIInterfaceOrientationLandscapeLeft UIInterfaceOrientationLandscapeRight";
				LD_RUNPATH_SEARCH_PATHS = (
					"$(inherited)",
					"@executable_path/Frameworks",
				);
				MARKETING_VERSION = 1.0;
				PRODUCT_BUNDLE_IDENTIFIER = den.SmartThings;
				PRODUCT_NAME = "$(TARGET_NAME)";
				SWIFT_EMIT_LOC_STRINGS = YES;
				SWIFT_VERSION = 5.0;
				TARGETED_DEVICE_FAMILY = "1,2";
			};
			name = Debug;
		};
		640E88012A5AA60300640C2E /* Release */ = {
			isa = XCBuildConfiguration;
			buildSettings = {
				ASSETCATALOG_COMPILER_APPICON_NAME = AppIcon;
				ASSETCATALOG_COMPILER_GLOBAL_ACCENT_COLOR_NAME = AccentColor;
				CODE_SIGN_STYLE = Automatic;
				CURRENT_PROJECT_VERSION = 1;
				DEVELOPMENT_ASSET_PATHS = "\"SmartThings/Preview Content\"";
				DEVELOPMENT_TEAM = UZRVQ48Y4T;
				ENABLE_PREVIEWS = YES;
				GENERATE_INFOPLIST_FILE = YES;
				INFOPLIST_KEY_UIApplicationSceneManifest_Generation = YES;
				INFOPLIST_KEY_UIApplicationSupportsIndirectInputEvents = YES;
				INFOPLIST_KEY_UILaunchScreen_Generation = YES;
				INFOPLIST_KEY_UISupportedInterfaceOrientations_iPad = "UIInterfaceOrientationPortrait UIInterfaceOrientationPortraitUpsideDown UIInterfaceOrientationLandscapeLeft UIInterfaceOrientationLandscapeRight";
				INFOPLIST_KEY_UISupportedInterfaceOrientations_iPhone = "UIInterfaceOrientationPortrait UIInterfaceOrientationLandscapeLeft UIInterfaceOrientationLandscapeRight";
				LD_RUNPATH_SEARCH_PATHS = (
					"$(inherited)",
					"@executable_path/Frameworks",
				);
				MARKETING_VERSION = 1.0;
				PRODUCT_BUNDLE_IDENTIFIER = den.SmartThings;
				PRODUCT_NAME = "$(TARGET_NAME)";
				SWIFT_EMIT_LOC_STRINGS = YES;
				SWIFT_VERSION = 5.0;
				TARGETED_DEVICE_FAMILY = "1,2";
			};
			name = Release;
		};
/* End XCBuildConfiguration section */

/* Begin XCConfigurationList section */
		640E87EC2A5AA60100640C2E /* Build configuration list for PBXProject "SmartThings" */ = {
			isa = XCConfigurationList;
			buildConfigurations = (
				640E87FD2A5AA60300640C2E /* Debug */,
				640E87FE2A5AA60300640C2E /* Release */,
			);
			defaultConfigurationIsVisible = 0;
			defaultConfigurationName = Release;
		};
		640E87FF2A5AA60300640C2E /* Build configuration list for PBXNativeTarget "SmartThings" */ = {
			isa = XCConfigurationList;
			buildConfigurations = (
				640E88002A5AA60300640C2E /* Debug */,
				640E88012A5AA60300640C2E /* Release */,
			);
			defaultConfigurationIsVisible = 0;
			defaultConfigurationName = Release;
		};
/* End XCConfigurationList section */
	};
	rootObject = 640E87E92A5AA60100640C2E /* Project object */;
}
